<?xml version="1.0" encoding="utf-8"?>
<Project ToolsVersion="4.0" xmlns="http://schemas.microsoft.com/developer/msbuild/2003">
  <ItemGroup>
    <Filter Include="Devices">
      <UniqueIdentifier>{75028083-8d02-461c-a8a9-d9cdc62a5367}</UniqueIdentifier>
    </Filter>
    <Filter Include="Devices\Flash">
      <UniqueIdentifier>{1f0d8bc9-d1e2-4fb1-959c-47545b32fe53}</UniqueIdentifier>
    </Filter>
  </ItemGroup>
  <ItemGroup>
    <ClInclude Include="$(MSBuildThisFileDirectory)Devices\Flash\MT29Flash.h">
      <Filter>Devices\Flash</Filter>
    </ClInclude>
  </ItemGroup>
  <ItemGroup>
    <ClCompile Include="$(MSBuildThisFileDirectory)Devices\Flash\MT29Flash.cpp">
      <Filter>Devices\Flash</Filter>
    </ClCompile>
  </ItemGroup>
</Project>